
Microsoft Visual Studio Solution File, Format Version 12.00
# Visual Studio Version 16
VisualStudioVersion = 16.0.29424.173
MinimumVisualStudioVersion = 10.0.40219.1
Project("{9A19103F-16F7-4668-BE54-9A1E7A4F7556}") = "LotteryMVC", "LotteryMVC\LotteryMVC.csproj", "{89D88C52-1AD8-444C-A2F2-78DD22A596B9}"
EndProject
Global
	GlobalSection(SolutionConfigurationPlatforms) = preSolution
		Debug|Any CPU = Debug|Any CPU
		Release|Any CPU = Release|Any CPU
	EndGlobalSection
	GlobalSection(ProjectConfigurationPlatforms) = postSolution
		{89D88C52-1AD8-444C-A2F2-78DD22A596B9}.Debug|Any CPU.ActiveCfg = Debug|Any CPU
		{89D88C52-1AD8-444C-A2F2-78DD22A596B9}.Debug|Any CPU.Build.0 = Debug|Any CPU
		{89D88C52-1AD8-444C-A2F2-78DD22A596B9}.Release|Any CPU.ActiveCfg = Release|Any CPU
		{89D88C52-1AD8-444C-A2F2-78DD22A596B9}.Release|Any CPU.Build.0 = Release|Any CPU
	EndGlobalSection
	GlobalSection(SolutionProperties) = preSolution
		HideSolutionNode = FALSE
	EndGlobalSection
	GlobalSection(ExtensibilityGlobals) = postSolution
		SolutionGuid = {FE0651DC-B121-4CCF-8FB8-1FBBEB1B769D}
	EndGlobalSection
EndGlobal
