
Microsoft Visual Studio Solution File, Format Version 12.00
# Visual Studio Version 16
VisualStudioVersion = 16.0.28711.60
MinimumVisualStudioVersion = 10.0.40219.1
Project("{9A19103F-16F7-4668-BE54-9A1E7A4F7556}") = "Lottery", "Lottery.csproj", "{F2DF14DD-1754-4B09-B012-D0DF2CD1BA5B}"
EndProject
Global
	GlobalSection(SolutionConfigurationPlatforms) = preSolution
		Debug|Any CPU = Debug|Any CPU
		Release|Any CPU = Release|Any CPU
	EndGlobalSection
	GlobalSection(ProjectConfigurationPlatforms) = postSolution
		{F2DF14DD-1754-4B09-B012-D0DF2CD1BA5B}.Debug|Any CPU.ActiveCfg = Debug|Any CPU
		{F2DF14DD-1754-4B09-B012-D0DF2CD1BA5B}.Debug|Any CPU.Build.0 = Debug|Any CPU
		{F2DF14DD-1754-4B09-B012-D0DF2CD1BA5B}.Release|Any CPU.ActiveCfg = Release|Any CPU
		{F2DF14DD-1754-4B09-B012-D0DF2CD1BA5B}.Release|Any CPU.Build.0 = Release|Any CPU
	EndGlobalSection
	GlobalSection(SolutionProperties) = preSolution
		HideSolutionNode = FALSE
	EndGlobalSection
	GlobalSection(ExtensibilityGlobals) = postSolution
		SolutionGuid = {B474080D-0A8D-4DD3-B275-ADC513B610B5}
	EndGlobalSection
EndGlobal
